
Microsoft Visual Studio Solution File, Format Version 12.00
# Visual Studio Version 16
VisualStudioVersion = 16.0.30503.244
MinimumVisualStudioVersion = 10.0.40219.1
Project("{FAE04EC0-301F-11D3-BF4B-00C04F79EFBC}") = "TACO_Nutricional", "TACO_Nutricional\TACO_Nutricional.csproj", "{780369A1-68E6-4940-9C32-4E26C3E4ECA4}"
EndProject
Global
	GlobalSection(SolutionConfigurationPlatforms) = preSolution
		Debug|Any CPU = Debug|Any CPU
		Release|Any CPU = Release|Any CPU
	EndGlobalSection
	GlobalSection(ProjectConfigurationPlatforms) = postSolution
		{780369A1-68E6-4940-9C32-4E26C3E4ECA4}.Debug|Any CPU.ActiveCfg = Debug|Any CPU
		{780369A1-68E6-4940-9C32-4E26C3E4ECA4}.Debug|Any CPU.Build.0 = Debug|Any CPU
		{780369A1-68E6-4940-9C32-4E26C3E4ECA4}.Release|Any CPU.ActiveCfg = Release|Any CPU
		{780369A1-68E6-4940-9C32-4E26C3E4ECA4}.Release|Any CPU.Build.0 = Release|Any CPU
	EndGlobalSection
	GlobalSection(SolutionProperties) = preSolution
		HideSolutionNode = FALSE
	EndGlobalSection
	GlobalSection(ExtensibilityGlobals) = postSolution
		SolutionGuid = {AB55FE19-017F-407E-A96F-326C2435AF22}
	EndGlobalSection
EndGlobal
